
Microsoft Visual Studio Solution File, Format Version 12.00
# Visual Studio Version 16
VisualStudioVersion = 16.0.30011.22
MinimumVisualStudioVersion = 10.0.40219.1
Project("{FAE04EC0-301F-11D3-BF4B-00C04F79EFBC}") = "View", "View.csproj", "{FF1D90C5-DFB1-4D4C-92C0-CC8F845BE3E7}"
EndProject
Project("{FAE04EC0-301F-11D3-BF4B-00C04F79EFBC}") = "Controller", "..\Controller\Controller.csproj", "{338791E3-046D-4D7A-BBB3-176A1511D763}"
EndProject
Project("{FAE04EC0-301F-11D3-BF4B-00C04F79EFBC}") = "Model", "..\Model\Model.csproj", "{2B971076-4E15-4E93-A70E-68F9D9876334}"
EndProject
Global
	GlobalSection(SolutionConfigurationPlatforms) = preSolution
		Debug|Any CPU = Debug|Any CPU
		Release|Any CPU = Release|Any CPU
	EndGlobalSection
	GlobalSection(ProjectConfigurationPlatforms) = postSolution
		{FF1D90C5-DFB1-4D4C-92C0-CC8F845BE3E7}.Debug|Any CPU.ActiveCfg = Debug|Any CPU
		{FF1D90C5-DFB1-4D4C-92C0-CC8F845BE3E7}.Debug|Any CPU.Build.0 = Debug|Any CPU
		{FF1D90C5-DFB1-4D4C-92C0-CC8F845BE3E7}.Release|Any CPU.ActiveCfg = Release|Any CPU
		{FF1D90C5-DFB1-4D4C-92C0-CC8F845BE3E7}.Release|Any CPU.Build.0 = Release|Any CPU
		{338791E3-046D-4D7A-BBB3-176A1511D763}.Debug|Any CPU.ActiveCfg = Debug|Any CPU
		{338791E3-046D-4D7A-BBB3-176A1511D763}.Debug|Any CPU.Build.0 = Debug|Any CPU
		{338791E3-046D-4D7A-BBB3-176A1511D763}.Release|Any CPU.ActiveCfg = Release|Any CPU
		{338791E3-046D-4D7A-BBB3-176A1511D763}.Release|Any CPU.Build.0 = Release|Any CPU
		{2B971076-4E15-4E93-A70E-68F9D9876334}.Debug|Any CPU.ActiveCfg = Debug|Any CPU
		{2B971076-4E15-4E93-A70E-68F9D9876334}.Debug|Any CPU.Build.0 = Debug|Any CPU
		{2B971076-4E15-4E93-A70E-68F9D9876334}.Release|Any CPU.ActiveCfg = Release|Any CPU
		{2B971076-4E15-4E93-A70E-68F9D9876334}.Release|Any CPU.Build.0 = Release|Any CPU
	EndGlobalSection
	GlobalSection(SolutionProperties) = preSolution
		HideSolutionNode = FALSE
	EndGlobalSection
	GlobalSection(ExtensibilityGlobals) = postSolution
		SolutionGuid = {6F0B107A-216A-4D1E-963A-63AD8618D180}
	EndGlobalSection
EndGlobal
